
Microsoft Visual Studio Solution File, Format Version 12.00
# Visual Studio Version 17
VisualStudioVersion = 17.7.34031.279
MinimumVisualStudioVersion = 10.0.40219.1
Project("{FAE04EC0-301F-11D3-BF4B-00C04F79EFBC}") = "ScrShareZ-client", "ScrShareZ-client\ScrShareZ-client.csproj", "{6850C381-1E66-4044-8BD5-9B72A48BC9F3}"
EndProject
Global
	GlobalSection(SolutionConfigurationPlatforms) = preSolution
		Debug|Any CPU = Debug|Any CPU
		Release|Any CPU = Release|Any CPU
	EndGlobalSection
	GlobalSection(ProjectConfigurationPlatforms) = postSolution
		{6850C381-1E66-4044-8BD5-9B72A48BC9F3}.Debug|Any CPU.ActiveCfg = Debug|Any CPU
		{6850C381-1E66-4044-8BD5-9B72A48BC9F3}.Debug|Any CPU.Build.0 = Debug|Any CPU
		{6850C381-1E66-4044-8BD5-9B72A48BC9F3}.Release|Any CPU.ActiveCfg = Release|Any CPU
		{6850C381-1E66-4044-8BD5-9B72A48BC9F3}.Release|Any CPU.Build.0 = Release|Any CPU
	EndGlobalSection
	GlobalSection(SolutionProperties) = preSolution
		HideSolutionNode = FALSE
	EndGlobalSection
	GlobalSection(ExtensibilityGlobals) = postSolution
		SolutionGuid = {4AD42C75-97B3-4467-9E8E-B4BC36AC3CD8}
	EndGlobalSection
EndGlobal
